{
  "name": "rasaichimori.com",
  "version": "1.0.0",
  "lockfileVersion": 1,
  "requires": true,
  "dependencies": {
    "@swup/debug-plugin": {
      "version": "1.0.3",
      "resolved": "https://registry.npmjs.org/@swup/debug-plugin/-/debug-plugin-1.0.3.tgz",
      "integrity": "sha512-uSGrrI0Z4yLvUIYUNAzOGFgotJgjdXPGYCZ/WVGUdkBUWO8rWfSkDi+qCp2V8AdPGFc9TNq8bcR4zO0FPJ+C5g==",
      "requires": {
        "@swup/plugin": "^1.0.0"
      }
    },
    "@swup/head-plugin": {
      "version": "1.2.0",
      "resolved": "https://registry.npmjs.org/@swup/head-plugin/-/head-plugin-1.2.0.tgz",
      "integrity": "sha512-ixtDl5JWNF6aHLLgLNOTpKboUOALuRtOOMi9u38jqPEDRnpJ+gCNeCO6RMBnbfyp45G6ml+fgd6ltrseZ7oOcA==",
      "requires": {
        "@swup/plugin": "^1.0.1"
      }
    },
    "@swup/plugin": {
      "version": "1.0.1",
      "resolved": "https://registry.npmjs.org/@swup/plugin/-/plugin-1.0.1.tgz",
      "integrity": "sha512-QrTGn1DLx+50CNsk6oGzUFnyNyLkDK6iLb032qKImmAXS+0Dd1cwa8cSGvJ+I27J4qR8y6oJNurgHIEc6ZCTrg=="
    },
    "@swup/preload-plugin": {
      "version": "1.0.3",
      "resolved": "https://registry.npmjs.org/@swup/preload-plugin/-/preload-plugin-1.0.3.tgz",
      "integrity": "sha512-Au2v5kwwrY2WFYEmRoHa8FXMq7S/7KgO+iG2n5IOS7CZfVilIpqTIEQQ8y7TZsQuL6+Pk/57aycYywVLZ8tc3w==",
      "requires": {
        "@swup/plugin": "^1.0.0",
        "delegate": "^3.2.0",
        "swup": "^2.0.0"
      }
    },
    "@swup/progress-plugin": {
      "version": "1.1.2",
      "resolved": "https://registry.npmjs.org/@swup/progress-plugin/-/progress-plugin-1.1.2.tgz",
      "integrity": "sha512-1xMTRcdVHQnVha+vYsUalgZJaLxcV21Jx0LaLzGAbuymjU4qAwYISRGOJk3ZvFPa+SbtwEx/hXYhfk6fo/L8Og==",
      "requires": {
        "@swup/plugin": "^1.0.1"
      }
    },
    "delegate": {
      "version": "3.2.0",
      "resolved": "https://registry.npmjs.org/delegate/-/delegate-3.2.0.tgz",
      "integrity": "sha512-IofjkYBZaZivn0V8nnsMJGBr4jVLxHDheKSW88PyxS5QC4Vo9ZbZVvhzlSxY87fVq3STR6r+4cGepyHkcWOQSw=="
    },
    "delegate-it": {
      "version": "3.0.1",
      "resolved": "https://registry.npmjs.org/delegate-it/-/delegate-it-3.0.1.tgz",
      "integrity": "sha512-XU8H4pjDGBW74hFIbjdLPnvtU3HF3P9bbZvoFBSBLb5JgNaTkRb/2lvC1V+9kmZsxVR0kad4bU3rYhQ/4Ij+Gw==",
      "requires": {
        "typed-query-selector": "^2.6.1"
      }
    },
    "opencollective-postinstall": {
      "version": "2.0.3",
      "resolved": "https://registry.npmjs.org/opencollective-postinstall/-/opencollective-postinstall-2.0.3.tgz",
      "integrity": "sha512-8AV/sCtuzUeTo8gQK5qDZzARrulB3egtLzFgteqB2tcT4Mw7B8Kt7JcDHmltjz6FOAHsvTevk70gZEbhM4ZS9Q=="
    },
    "swup": {
      "version": "2.0.15",
      "resolved": "https://registry.npmjs.org/swup/-/swup-2.0.15.tgz",
      "integrity": "sha512-uth/fVnoec8KRIgvQKinXakIAYQo9TTe0fj4hmpq8Ce3ap/uQKi7crCvnQOGPH4JdcOzUS7Tr9PDGztqhvWHiQ==",
      "requires": {
        "delegate-it": "^3.0.1",
        "opencollective-postinstall": "^2.0.2"
      }
    },
    "three": {
      "version": "0.141.0",
      "resolved": "https://registry.npmjs.org/three/-/three-0.141.0.tgz",
      "integrity": "sha512-JaSDAPWuk4RTzG5BYRQm8YZbERUxTfTDVouWgHMisS2to4E5fotMS9F2zPFNOIJyEFTTQDDKPpsgZVThKU3pXA=="
    },
    "typed-query-selector": {
      "version": "2.6.1",
      "resolved": "https://registry.npmjs.org/typed-query-selector/-/typed-query-selector-2.6.1.tgz",
      "integrity": "sha512-nzzcDrI0nncM5XTNyqeG7MrcXTx8lelUtNlTP+NvpnOfRzApyr+ZW4H/FoOaPfzmjn++Tf0ZxXpBN7Q3FN3ERw=="
    }
  }
}
